
Microsoft Visual Studio Solution File, Format Version 12.00
# Visual Studio Version 16
VisualStudioVersion = 16.0.30907.101
MinimumVisualStudioVersion = 10.0.40219.1
Project("{FAE04EC0-301F-11D3-BF4B-00C04F79EFBC}") = "StockView", "StockView\StockView.csproj", "{066CC2E2-1B20-4B65-A648-C0E56FCF5E8D}"
EndProject
Global
	GlobalSection(SolutionConfigurationPlatforms) = preSolution
		Debug|Any CPU = Debug|Any CPU
		Release|Any CPU = Release|Any CPU
	EndGlobalSection
	GlobalSection(ProjectConfigurationPlatforms) = postSolution
		{066CC2E2-1B20-4B65-A648-C0E56FCF5E8D}.Debug|Any CPU.ActiveCfg = Debug|Any CPU
		{066CC2E2-1B20-4B65-A648-C0E56FCF5E8D}.Debug|Any CPU.Build.0 = Debug|Any CPU
		{066CC2E2-1B20-4B65-A648-C0E56FCF5E8D}.Release|Any CPU.ActiveCfg = Release|Any CPU
		{066CC2E2-1B20-4B65-A648-C0E56FCF5E8D}.Release|Any CPU.Build.0 = Release|Any CPU
	EndGlobalSection
	GlobalSection(SolutionProperties) = preSolution
		HideSolutionNode = FALSE
	EndGlobalSection
	GlobalSection(ExtensibilityGlobals) = postSolution
		SolutionGuid = {E45F8BB1-7635-4AF7-9E6E-81F70A9A523C}
	EndGlobalSection
EndGlobal
